
Microsoft Visual Studio Solution File, Format Version 12.00
# Visual Studio Version 17
VisualStudioVersion = 17.1.32328.378
MinimumVisualStudioVersion = 10.0.40219.1
Project("{FAE04EC0-301F-11D3-BF4B-00C04F79EFBC}") = "iPhoneMarket", "iPhoneMarket\iPhoneMarket.csproj", "{CC18A6D3-6E60-4931-85D1-48F3DCC24ABE}"
EndProject
Global
	GlobalSection(SolutionConfigurationPlatforms) = preSolution
		Debug|Any CPU = Debug|Any CPU
		Release|Any CPU = Release|Any CPU
	EndGlobalSection
	GlobalSection(ProjectConfigurationPlatforms) = postSolution
		{CC18A6D3-6E60-4931-85D1-48F3DCC24ABE}.Debug|Any CPU.ActiveCfg = Debug|Any CPU
		{CC18A6D3-6E60-4931-85D1-48F3DCC24ABE}.Debug|Any CPU.Build.0 = Debug|Any CPU
		{CC18A6D3-6E60-4931-85D1-48F3DCC24ABE}.Release|Any CPU.ActiveCfg = Release|Any CPU
		{CC18A6D3-6E60-4931-85D1-48F3DCC24ABE}.Release|Any CPU.Build.0 = Release|Any CPU
	EndGlobalSection
	GlobalSection(SolutionProperties) = preSolution
		HideSolutionNode = FALSE
	EndGlobalSection
	GlobalSection(ExtensibilityGlobals) = postSolution
		SolutionGuid = {1BF28494-F1B8-45E3-825C-8DBE25657B19}
	EndGlobalSection
EndGlobal
